
Microsoft Visual Studio Solution File, Format Version 12.00
# Visual Studio Version 17
VisualStudioVersion = 17.11.35327.3
MinimumVisualStudioVersion = 10.0.40219.1
Project("{8BC9CEB8-8B4A-11D0-8D11-00A0C91BC942}") = "test_cpp", "test_cpp\test_cpp.vcxproj", "{7247F553-4543-4189-B98C-159F0A4C9B6D}"
EndProject
Project("{8BC9CEB8-8B4A-11D0-8D11-00A0C91BC942}") = "test_client", "test_client\test_client.vcxproj", "{72FA21E0-EBE9-414C-AEF4-ED3C70EFBD7D}"
EndProject
Project("{8BC9CEB8-8B4A-11D0-8D11-00A0C91BC942}") = "thread_pool", "thread_pool\thread_pool.vcxproj", "{08084C69-9CCE-4256-B0F7-5507EAA5DB98}"
EndProject
Project("{8BC9CEB8-8B4A-11D0-8D11-00A0C91BC942}") = "msg_server", "msg_server\msg_server.vcxproj", "{53BECAF4-CCB3-4F7B-A121-F212C2267BCD}"
EndProject
Project("{8BC9CEB8-8B4A-11D0-8D11-00A0C91BC942}") = "promise_future", "promise_future\promise_future.vcxproj", "{D01EE494-B22E-4181-ACB4-251DE1D36923}"
EndProject
Global
	GlobalSection(SolutionConfigurationPlatforms) = preSolution
		Debug|x64 = Debug|x64
		Debug|x86 = Debug|x86
		Release|x64 = Release|x64
		Release|x86 = Release|x86
	EndGlobalSection
	GlobalSection(ProjectConfigurationPlatforms) = postSolution
		{7247F553-4543-4189-B98C-159F0A4C9B6D}.Debug|x64.ActiveCfg = Debug|x64
		{7247F553-4543-4189-B98C-159F0A4C9B6D}.Debug|x64.Build.0 = Debug|x64
		{7247F553-4543-4189-B98C-159F0A4C9B6D}.Debug|x86.ActiveCfg = Debug|Win32
		{7247F553-4543-4189-B98C-159F0A4C9B6D}.Debug|x86.Build.0 = Debug|Win32
		{7247F553-4543-4189-B98C-159F0A4C9B6D}.Release|x64.ActiveCfg = Release|x64
		{7247F553-4543-4189-B98C-159F0A4C9B6D}.Release|x64.Build.0 = Release|x64
		{7247F553-4543-4189-B98C-159F0A4C9B6D}.Release|x86.ActiveCfg = Release|Win32
		{7247F553-4543-4189-B98C-159F0A4C9B6D}.Release|x86.Build.0 = Release|Win32
		{72FA21E0-EBE9-414C-AEF4-ED3C70EFBD7D}.Debug|x64.ActiveCfg = Debug|x64
		{72FA21E0-EBE9-414C-AEF4-ED3C70EFBD7D}.Debug|x64.Build.0 = Debug|x64
		{72FA21E0-EBE9-414C-AEF4-ED3C70EFBD7D}.Debug|x86.ActiveCfg = Debug|Win32
		{72FA21E0-EBE9-414C-AEF4-ED3C70EFBD7D}.Debug|x86.Build.0 = Debug|Win32
		{72FA21E0-EBE9-414C-AEF4-ED3C70EFBD7D}.Release|x64.ActiveCfg = Release|x64
		{72FA21E0-EBE9-414C-AEF4-ED3C70EFBD7D}.Release|x64.Build.0 = Release|x64
		{72FA21E0-EBE9-414C-AEF4-ED3C70EFBD7D}.Release|x86.ActiveCfg = Release|Win32
		{72FA21E0-EBE9-414C-AEF4-ED3C70EFBD7D}.Release|x86.Build.0 = Release|Win32
		{08084C69-9CCE-4256-B0F7-5507EAA5DB98}.Debug|x64.ActiveCfg = Debug|x64
		{08084C69-9CCE-4256-B0F7-5507EAA5DB98}.Debug|x64.Build.0 = Debug|x64
		{08084C69-9CCE-4256-B0F7-5507EAA5DB98}.Debug|x86.ActiveCfg = Debug|Win32
		{08084C69-9CCE-4256-B0F7-5507EAA5DB98}.Debug|x86.Build.0 = Debug|Win32
		{08084C69-9CCE-4256-B0F7-5507EAA5DB98}.Release|x64.ActiveCfg = Release|x64
		{08084C69-9CCE-4256-B0F7-5507EAA5DB98}.Release|x64.Build.0 = Release|x64
		{08084C69-9CCE-4256-B0F7-5507EAA5DB98}.Release|x86.ActiveCfg = Release|Win32
		{08084C69-9CCE-4256-B0F7-5507EAA5DB98}.Release|x86.Build.0 = Release|Win32
		{53BECAF4-CCB3-4F7B-A121-F212C2267BCD}.Debug|x64.ActiveCfg = Debug|x64
		{53BECAF4-CCB3-4F7B-A121-F212C2267BCD}.Debug|x64.Build.0 = Debug|x64
		{53BECAF4-CCB3-4F7B-A121-F212C2267BCD}.Debug|x86.ActiveCfg = Debug|Win32
		{53BECAF4-CCB3-4F7B-A121-F212C2267BCD}.Debug|x86.Build.0 = Debug|Win32
		{53BECAF4-CCB3-4F7B-A121-F212C2267BCD}.Release|x64.ActiveCfg = Release|x64
		{53BECAF4-CCB3-4F7B-A121-F212C2267BCD}.Release|x64.Build.0 = Release|x64
		{53BECAF4-CCB3-4F7B-A121-F212C2267BCD}.Release|x86.ActiveCfg = Release|Win32
		{53BECAF4-CCB3-4F7B-A121-F212C2267BCD}.Release|x86.Build.0 = Release|Win32
		{D01EE494-B22E-4181-ACB4-251DE1D36923}.Debug|x64.ActiveCfg = Debug|x64
		{D01EE494-B22E-4181-ACB4-251DE1D36923}.Debug|x64.Build.0 = Debug|x64
		{D01EE494-B22E-4181-ACB4-251DE1D36923}.Debug|x86.ActiveCfg = Debug|Win32
		{D01EE494-B22E-4181-ACB4-251DE1D36923}.Debug|x86.Build.0 = Debug|Win32
		{D01EE494-B22E-4181-ACB4-251DE1D36923}.Release|x64.ActiveCfg = Release|x64
		{D01EE494-B22E-4181-ACB4-251DE1D36923}.Release|x64.Build.0 = Release|x64
		{D01EE494-B22E-4181-ACB4-251DE1D36923}.Release|x86.ActiveCfg = Release|Win32
		{D01EE494-B22E-4181-ACB4-251DE1D36923}.Release|x86.Build.0 = Release|Win32
	EndGlobalSection
	GlobalSection(SolutionProperties) = preSolution
		HideSolutionNode = FALSE
	EndGlobalSection
	GlobalSection(ExtensibilityGlobals) = postSolution
		SolutionGuid = {8DA62083-03E7-43B2-AD5D-24B713920B20}
	EndGlobalSection
EndGlobal
